{
  "name": "8ballspanish",
  "version": "1.5.0",
  "lockfileVersion": 3,
  "requires": true,
  "packages": {
    "": {
      "name": "8ballspanish",
      "version": "1.5.0",
      "license": "MIT",
      "bin": {
        "🎱": "cli.js",
        "8ball": "cli.js"
      },
      "engines": {
        "node": ">=4"
      }
    }
  }
}
